# THIS IS AN AUTOGENERATED FILE. DO NOT EDIT THIS FILE DIRECTLY.
# yarn lockfile v1


"@xboxreplay/errors@^0.1.0":
  version "0.1.0"
  resolved "https://registry.yarnpkg.com/@xboxreplay/errors/-/errors-0.1.0.tgz#e8daceb3c88c104872301d4193f54dc141a8d35a"
  integrity sha512-Tgz1d/OIPDWPeyOvuL5+aai5VCcqObhPnlI3skQuf80GVF3k1I0lPCnGC+8Cm5PV9aLBT5m8qPcJoIUQ2U4y9g==

"@xboxreplay/xboxlive-auth@^3.3.0":
  version "3.3.0"
  resolved "https://registry.yarnpkg.com/@xboxreplay/xboxlive-auth/-/xboxlive-auth-3.3.0.tgz#d69118210a21cfd1645bf62d005532b18620e760"
  integrity sha512-4bKgw35kq8NGxt2lGmBVXTdieTs1E+JGWrf/shMWpdLIhZ0okRTJ/bpBo/Foa9YZXka+8wWb0pQu92MWKacCFA==
  dependencies:
    "@xboxreplay/errors" "^0.1.0"
    axios "^0.19.2"

aes-js@^3.1.2:
  version "3.1.2"
  resolved "https://registry.yarnpkg.com/aes-js/-/aes-js-3.1.2.tgz#db9aabde85d5caabbfc0d4f2a4446960f627146a"
  integrity sha512-e5pEa2kBnBOgR4Y/p20pskXI74UEz7de8ZGVo58asOtvSVG5YAbJeELPZxOmt+Bnz3rX753YKhfIn4X4l1PPRQ==

ajv@^6.5.4:
  version "6.12.6"
  resolved "https://registry.yarnpkg.com/ajv/-/ajv-6.12.6.tgz#baf5a62e802b07d977034586f8c3baf5adf26df4"
  integrity sha512-j3fVLgvTo527anyYyJOGTYJbG+vnnQYvE0m5mmkc1TK+nxAppkCLMIL0aZ4dblVCNoGShhm+kzE4ZUykBoMg4g==
  dependencies:
    fast-deep-equal "^3.1.1"
    fast-json-stable-stringify "^2.0.0"
    json-schema-traverse "^0.4.1"
    uri-js "^4.2.2"

asn1@0.2.3:
  version "0.2.3"
  resolved "https://registry.yarnpkg.com/asn1/-/asn1-0.2.3.tgz#dac8787713c9966849fc8180777ebe9c1ddf3b86"
  integrity sha1-2sh4dxPJlmhJ/IGAd36+nB3fO4Y=

axios@^0.19.2:
  version "0.19.2"
  resolved "https://registry.yarnpkg.com/axios/-/axios-0.19.2.tgz#3ea36c5d8818d0d5f8a8a97a6d36b86cdc00cb27"
  integrity sha512-fjgm5MvRHLhx+osE2xoekY70AhARk3a6hkN+3Io1jc00jtquGvxYlKlsFUhmUET0V5te6CcZI7lcv2Ym61mjHA==
  dependencies:
    follow-redirects "1.5.10"

buffer-equal@^1.0.0:
  version "1.0.0"
  resolved "https://registry.yarnpkg.com/buffer-equal/-/buffer-equal-1.0.0.tgz#59616b498304d556abd466966b22eeda3eca5fbe"
  integrity sha1-WWFrSYME1Var1GaWayLu2j7KX74=

centra@^2.4.2:
  version "2.4.2"
  resolved "https://registry.yarnpkg.com/centra/-/centra-2.4.2.tgz#3bad51dbca2250dbecad84598dc7184973f4c4a9"
  integrity sha512-f1RaP0V1HqVNEXfLfjNBthB2yy3KnSGnPCnOPCFLUk9e/Z4rNJ8nBaJNnghflnp88mi1IT8mfmW+HlMS1/H+bg==

debug@=3.1.0:
  version "3.1.0"
  resolved "https://registry.yarnpkg.com/debug/-/debug-3.1.0.tgz#5bb5a0672628b64149566ba16819e61518c67261"
  integrity sha512-OX8XqP7/1a9cqkxYw2yXss15f26NKWBpDXQd0/uK/KPqdQhxbPa994hnzjcE2VqQpDslf55723cKPUOGSmMY3g==
  dependencies:
    ms "2.0.0"

debug@^4.1.0:
  version "4.3.1"
  resolved "https://registry.yarnpkg.com/debug/-/debug-4.3.1.tgz#f0d229c505e0c6d8c49ac553d1b13dc183f6b2ee"
  integrity sha512-doEwdvm4PCeK4K3RQN2ZC2BYUBaxwLARCqZmMjtF8a51J2Rb0xpVloFRnCODwqjpwnAoao4pelN8l3RJdv3gRQ==
  dependencies:
    ms "2.1.2"

endian-toggle@^0.0.0:
  version "0.0.0"
  resolved "https://registry.yarnpkg.com/endian-toggle/-/endian-toggle-0.0.0.tgz#e5cc7578b1032d6ee01eafcd73765db0db4dc0a6"
  integrity sha1-5cx1eLEDLW7gHq/Nc3ZdsNtNwKY=

fast-deep-equal@^3.1.1:
  version "3.1.3"
  resolved "https://registry.yarnpkg.com/fast-deep-equal/-/fast-deep-equal-3.1.3.tgz#3a7d56b559d6cbc3eb512325244e619a65c6c525"
  integrity sha512-f3qQ9oQy9j2AhBe/H9VC91wLmKBCCU/gDOnKNAYG5hswO7BLKj09Hc5HYNz9cGI++xlpDCIgDaitVs03ATR84Q==

fast-json-stable-stringify@^2.0.0:
  version "2.1.0"
  resolved "https://registry.yarnpkg.com/fast-json-stable-stringify/-/fast-json-stable-stringify-2.1.0.tgz#874bf69c6f404c2b5d99c481341399fd55892633"
  integrity sha512-lhd/wF+Lk98HZoTCtlVraHtfh5XYijIjalXck7saUtuanSDyLMxnHhSXEDJqHxD7msR8D0uCmqlkwjCV8xvwHw==

follow-redirects@1.5.10:
  version "1.5.10"
  resolved "https://registry.yarnpkg.com/follow-redirects/-/follow-redirects-1.5.10.tgz#7b7a9f9aea2fdff36786a94ff643ed07f4ff5e2a"
  integrity sha512-0V5l4Cizzvqt5D44aTXbFZz+FtyXV1vrDN6qrelxtfYQKW0KO0W2T/hkE8xvGa/540LkZlkaUjO4ailYTFtHVQ==
  dependencies:
    debug "=3.1.0"

inherits@^2.0.3:
  version "2.0.4"
  resolved "https://registry.yarnpkg.com/inherits/-/inherits-2.0.4.tgz#0fa2c64f932917c3433a0ded55363aae37416b7c"
  integrity sha512-k/vGaX4/Yla3WzyMCvTQOXYeIHvqOKtnqBduzTHpzpQZzAskKMhZ2K+EnBiSM9zGSoIFeMpXKxa4dYeZIQqewQ==

json-schema-traverse@^0.4.1:
  version "0.4.1"
  resolved "https://registry.yarnpkg.com/json-schema-traverse/-/json-schema-traverse-0.4.1.tgz#69f6a87d9513ab8bb8fe63bdb0979c448e684660"
  integrity sha512-xbbCH5dCYU5T8LcEhhuh7HJ88HXuW3qsI3Y0zOZFKfZEHcpWiHU/Jxzk629Brsab/mMiHQti9wMP+845RPe3Vg==

lodash.get@^4.1.2, lodash.get@^4.4.2:
  version "4.4.2"
  resolved "https://registry.yarnpkg.com/lodash.get/-/lodash.get-4.4.2.tgz#2d177f652fa31e939b4438d5341499dfa3825e99"
  integrity sha1-LRd/ZS+jHpObRDjVNBSZ36OCXpk=

lodash.merge@^4.3.0:
  version "4.6.2"
  resolved "https://registry.yarnpkg.com/lodash.merge/-/lodash.merge-4.6.2.tgz#558aa53b43b661e1925a0afdfa36a9a1085fe57a"
  integrity sha512-0KpjqXRVvrYyCsX1swR/XTK0va6VQkQM6MNo7PqW77ByjAhoARA8EfrP1N4+KlKj8YS0ZUCtRT/YUuhyYDujIQ==

lodash.reduce@^4.6.0:
  version "4.6.0"
  resolved "https://registry.yarnpkg.com/lodash.reduce/-/lodash.reduce-4.6.0.tgz#f1ab6b839299ad48f784abbf476596f03b914d3b"
  integrity sha1-8atrg5KZrUj3hKu/R2WW8DuRTTs=

macaddress@^0.5.1:
  version "0.5.1"
  resolved "https://registry.yarnpkg.com/macaddress/-/macaddress-0.5.1.tgz#5d717ad50337f96085655d5db06ebc60df11fc59"
  integrity sha512-et8b+V48uHaOB2fyNhPWwlm2PenfcfkGmHUwuVT3lxFEhfwaKwq5VmM4Cw4MYDwMrujvF0ktA2sSJidCjZBSzg==

minecraft-data@^2.70.0:
  version "2.71.0"
  resolved "https://registry.yarnpkg.com/minecraft-data/-/minecraft-data-2.71.0.tgz#480214676224e0733430ea6977ec0daa6941a062"
  integrity sha512-Gl+8eyUJ/zfSAh0u5tWq5dqTPMBx9/fn1x5wRs6rQTPLj42Zn71c3wPb8ci21OaMnFicBJUgyqygRrnz05MWjA==

minecraft-folder-path@^1.1.0:
  version "1.1.0"
  resolved "https://registry.yarnpkg.com/minecraft-folder-path/-/minecraft-folder-path-1.1.0.tgz#a5865efac1e529bbaa886668fb08d03f5052bf93"
  integrity sha512-Qee3g4DjXIPdioUtXPXrsrIBb2CqC+dS9LD9yoWVhHEJo+c0xbzndHE0k9KWVJDo+sK3Kb106V0Xvsov9vqQMw==
  dependencies:
    user-settings-dir "0.0.3"

minecraft-protocol@^1.22.0:
  version "1.22.0"
  resolved "https://registry.yarnpkg.com/minecraft-protocol/-/minecraft-protocol-1.22.0.tgz#67fe2c2b4cbd0c5fe311b75e498de2e6218815d4"
  integrity sha512-wyzEeVUTYlc/rJm68zNSU2P0M3Oa4g6iY+bGNKqwAbs4FYtrWSTf6fF1GalPdAtf8X59h3E0ZmfZxTLWfxtrwA==
  dependencies:
    "@xboxreplay/xboxlive-auth" "^3.3.0"
    aes-js "^3.1.2"
    buffer-equal "^1.0.0"
    debug "^4.1.0"
    endian-toggle "^0.0.0"
    lodash.get "^4.1.2"
    lodash.merge "^4.3.0"
    minecraft-data "^2.70.0"
    minecraft-folder-path "^1.1.0"
    node-fetch "^2.6.1"
    node-rsa "^0.4.2"
    prismarine-nbt "^1.3.0"
    protodef "^1.8.0"
    readable-stream "^3.0.6"
    uuid-1345 "^1.0.1"
    yggdrasil "^1.4.0"

ms@2.0.0:
  version "2.0.0"
  resolved "https://registry.yarnpkg.com/ms/-/ms-2.0.0.tgz#5608aeadfc00be6c2901df5f9861788de0d597c8"
  integrity sha1-VgiurfwAvmwpAd9fmGF4jeDVl8g=

ms@2.1.2:
  version "2.1.2"
  resolved "https://registry.yarnpkg.com/ms/-/ms-2.1.2.tgz#d09d1f357b443f493382a8eb3ccd183872ae6009"
  integrity sha512-sGkPx+VjMtmA6MX27oA4FBFELFCZZ4S4XqeGOXCv68tT+jb3vk/RyaKWP0PTKyWtmLSM0b+adUTEvbs1PEaH2w==

node-fetch@^2.6.1:
  version "2.6.1"
  resolved "https://registry.yarnpkg.com/node-fetch/-/node-fetch-2.6.1.tgz#045bd323631f76ed2e2b55573394416b639a0052"
  integrity sha512-V4aYg89jEoVRxRb2fJdAg8FHvI7cEyYdVAh94HH0UIK8oJxUfkjlDQN9RbMx+bEjP7+ggMiFRprSti032Oipxw==

node-rsa@^0.4.2:
  version "0.4.2"
  resolved "https://registry.yarnpkg.com/node-rsa/-/node-rsa-0.4.2.tgz#d6391729ec16a830ed5a38042b3157d2d5d72530"
  integrity sha1-1jkXKewWqDDtWjgEKzFX0tXXJTA=
  dependencies:
    asn1 "0.2.3"

phin@^3.4.1:
  version "3.5.1"
  resolved "https://registry.yarnpkg.com/phin/-/phin-3.5.1.tgz#41ce07aa7eb23b1f7ded89fc00a464addddac972"
  integrity sha512-jgFO28IaiWAl0xk+zmqVx7neKVokWKU8YTQC5QlB45SZnEE53LH2saqJIcyIV557VX3Gk+TdR4rwWTc3P83DSA==
  dependencies:
    centra "^2.4.2"

prettier@^2.2.1:
  version "2.2.1"
  resolved "https://registry.yarnpkg.com/prettier/-/prettier-2.2.1.tgz#795a1a78dd52f073da0cd42b21f9c91381923ff5"
  integrity sha512-PqyhM2yCjg/oKkFPtTGUojv7gnZAoG80ttl45O6x2Ug/rMJw4wcc9k6aaf2hibP7BGVCCM33gZoGjyvt9mm16Q==

prismarine-nbt@^1.3.0:
  version "1.3.0"
  resolved "https://registry.yarnpkg.com/prismarine-nbt/-/prismarine-nbt-1.3.0.tgz#69e897f4abc4cde981b9c53b387d16db2e953e14"
  integrity sha512-QDXP3uaoZGFo0WsTq6yTxL/s+Syt/7wKhD5Jlq+2Ilfx0b8r8h6SlrashUnhgin7S2JKDytvQRRJu0aZfCHhTQ==
  dependencies:
    protodef "^1.7.0"

protodef-validator@^1.2.2:
  version "1.2.3"
  resolved "https://registry.yarnpkg.com/protodef-validator/-/protodef-validator-1.2.3.tgz#101a42269b999d115b9fd612a94dd1871fa1254f"
  integrity sha512-dMcSMYRh8s0z0iQN0PLVlXwJOgN8cgBuM1uWzhMjkLdpKCOASwp+h7wHnTigBTRVhGLywykcb3EKiGSsXX4vvA==
  dependencies:
    ajv "^6.5.4"

protodef@^1.7.0, protodef@^1.8.0:
  version "1.8.3"
  resolved "https://registry.yarnpkg.com/protodef/-/protodef-1.8.3.tgz#b991d345283e01c97b7790be2578680c1b267cb8"
  integrity sha512-q78K4/8rAwA8e7MU8+aqzO+DLAUOsjnpUAOHOh8AgzYBH9e8ugjtpkio0WI+gM6d2uwn3cz81xFlEchY8KJZtw==
  dependencies:
    lodash.get "^4.4.2"
    lodash.reduce "^4.6.0"
    protodef-validator "^1.2.2"
    readable-stream "^3.0.3"

punycode@^2.1.0:
  version "2.1.1"
  resolved "https://registry.yarnpkg.com/punycode/-/punycode-2.1.1.tgz#b58b010ac40c22c5657616c8d2c2c02c7bf479ec"
  integrity sha512-XRsRjdf+j5ml+y/6GKHPZbrF/8p2Yga0JPtdqTIY2Xe5ohJPD9saDJJLPvp9+NSBprVvevdXZybnj2cv8OEd0A==

readable-stream@^3.0.3, readable-stream@^3.0.6:
  version "3.6.0"
  resolved "https://registry.yarnpkg.com/readable-stream/-/readable-stream-3.6.0.tgz#337bbda3adc0706bd3e024426a286d4b4b2c9198"
  integrity sha512-BViHy7LKeTz4oNnkcLJ+lVSL6vpiFeX6/d3oSH8zCW7UxP2onchk+vTGB143xuFjHS3deTgkKoXXymXqymiIdA==
  dependencies:
    inherits "^2.0.3"
    string_decoder "^1.1.1"
    util-deprecate "^1.0.1"

safe-buffer@~5.2.0:
  version "5.2.1"
  resolved "https://registry.yarnpkg.com/safe-buffer/-/safe-buffer-5.2.1.tgz#1eaf9fa9bdb1fdd4ec75f58f9cdb4e6b7827eec6"
  integrity sha512-rp3So07KcdmmKbGvgaNxQSJr7bGVSVk5S9Eq1F+ppbRo70+YeaDxkw5Dd8NPN+GD6bjnYm2VuPuCXmpuYvmCXQ==

string_decoder@^1.1.1:
  version "1.3.0"
  resolved "https://registry.yarnpkg.com/string_decoder/-/string_decoder-1.3.0.tgz#42f114594a46cf1a8e30b0a84f56c78c3edac21e"
  integrity sha512-hkRX8U1WjJFd8LsDJ2yQ/wWWxaopEsABU1XfkM8A+j0+85JAGppt16cr1Whg6KIbb4okU6Mql6BOj+uup/wKeA==
  dependencies:
    safe-buffer "~5.2.0"

uri-js@^4.2.2:
  version "4.4.0"
  resolved "https://registry.yarnpkg.com/uri-js/-/uri-js-4.4.0.tgz#aa714261de793e8a82347a7bcc9ce74e86f28602"
  integrity sha512-B0yRTzYdUCCn9n+F4+Gh4yIDtMQcaJsmYBDsTSG8g/OejKBodLQ2IHfN3bM7jUsRXndopT7OIXWdYqc1fjmV6g==
  dependencies:
    punycode "^2.1.0"

user-settings-dir@0.0.3:
  version "0.0.3"
  resolved "https://registry.yarnpkg.com/user-settings-dir/-/user-settings-dir-0.0.3.tgz#9a02c2be12cd6d3425747739bf8b284c81efa977"
  integrity sha1-mgLCvhLNbTQldHc5v4soTIHvqXc=

util-deprecate@^1.0.1:
  version "1.0.2"
  resolved "https://registry.yarnpkg.com/util-deprecate/-/util-deprecate-1.0.2.tgz#450d4dc9fa70de732762fbd2d4a28981419a0ccf"
  integrity sha1-RQ1Nyfpw3nMnYvvS1KKJgUGaDM8=

uuid-1345@^1.0.1:
  version "1.0.2"
  resolved "https://registry.yarnpkg.com/uuid-1345/-/uuid-1345-1.0.2.tgz#1c43d074507c40494278d5236199bffac81e19b8"
  integrity sha512-bA5zYZui+3nwAc0s3VdGQGBfbVsJLVX7Np7ch2aqcEWFi5lsAEcmO3+lx3djM1npgpZI8KY2FITZ2uYTnYUYyw==
  dependencies:
    macaddress "^0.5.1"

uuid@^8.2.0:
  version "8.3.2"
  resolved "https://registry.yarnpkg.com/uuid/-/uuid-8.3.2.tgz#80d5b5ced271bb9af6c445f21a1a04c606cefbe2"
  integrity sha512-+NYs2QeMWy+GWFOEm9xnn6HCDp0l7QBD7ml8zLUmJ+93Q5NF0NocErnwkTkXVFNiX3/fpC6afS8Dhb/gz7R7eg==

yggdrasil@^1.4.0:
  version "1.4.0"
  resolved "https://registry.yarnpkg.com/yggdrasil/-/yggdrasil-1.4.0.tgz#343525da10e4d8f45f78f4d4c76fc17ceb18dd1f"
  integrity sha512-pN4OFtvJ4WnbvGe6dSsOUx8C6I19Tzv2hVCcoIjekFOuL9zWc7C993z3STmCI6NuWVAgtQsLv+ciNVOWHIL/pA==
  dependencies:
    phin "^3.4.1"
    uuid "^8.2.0"
